
Microsoft Visual Studio Solution File, Format Version 12.00
# Visual Studio Version 16
VisualStudioVersion = 16.0.30011.22
MinimumVisualStudioVersion = 10.0.40219.1
Project("{FAE04EC0-301F-11D3-BF4B-00C04F79EFBC}") = "UI", "UI\UI.csproj", "{BDF9355B-5151-41CC-AD03-B449A8F62DBB}"
EndProject
Project("{9A19103F-16F7-4668-BE54-9A1E7A4F7556}") = "Persistence", "Persistence\Persistence.csproj", "{74A8B65C-7AFD-4452-9547-ECF5C035E09E}"
EndProject
Project("{9A19103F-16F7-4668-BE54-9A1E7A4F7556}") = "BusinessLogic", "BusinessLogic\BusinessLogic.csproj", "{CF892008-3317-4E4A-9E18-B16151747D00}"
EndProject
Project("{9A19103F-16F7-4668-BE54-9A1E7A4F7556}") = "SQLTest", "SQLTest\SQLTest.csproj", "{A10F0735-C226-4AAF-8420-49CE0DFEA4B4}"
EndProject
Global
	GlobalSection(SolutionConfigurationPlatforms) = preSolution
		Debug|Any CPU = Debug|Any CPU
		Release|Any CPU = Release|Any CPU
	EndGlobalSection
	GlobalSection(ProjectConfigurationPlatforms) = postSolution
		{BDF9355B-5151-41CC-AD03-B449A8F62DBB}.Debug|Any CPU.ActiveCfg = Debug|Any CPU
		{BDF9355B-5151-41CC-AD03-B449A8F62DBB}.Debug|Any CPU.Build.0 = Debug|Any CPU
		{BDF9355B-5151-41CC-AD03-B449A8F62DBB}.Release|Any CPU.ActiveCfg = Release|Any CPU
		{BDF9355B-5151-41CC-AD03-B449A8F62DBB}.Release|Any CPU.Build.0 = Release|Any CPU
		{74A8B65C-7AFD-4452-9547-ECF5C035E09E}.Debug|Any CPU.ActiveCfg = Debug|Any CPU
		{74A8B65C-7AFD-4452-9547-ECF5C035E09E}.Debug|Any CPU.Build.0 = Debug|Any CPU
		{74A8B65C-7AFD-4452-9547-ECF5C035E09E}.Release|Any CPU.ActiveCfg = Release|Any CPU
		{74A8B65C-7AFD-4452-9547-ECF5C035E09E}.Release|Any CPU.Build.0 = Release|Any CPU
		{CF892008-3317-4E4A-9E18-B16151747D00}.Debug|Any CPU.ActiveCfg = Debug|Any CPU
		{CF892008-3317-4E4A-9E18-B16151747D00}.Debug|Any CPU.Build.0 = Debug|Any CPU
		{CF892008-3317-4E4A-9E18-B16151747D00}.Release|Any CPU.ActiveCfg = Release|Any CPU
		{CF892008-3317-4E4A-9E18-B16151747D00}.Release|Any CPU.Build.0 = Release|Any CPU
		{A10F0735-C226-4AAF-8420-49CE0DFEA4B4}.Debug|Any CPU.ActiveCfg = Debug|Any CPU
		{A10F0735-C226-4AAF-8420-49CE0DFEA4B4}.Debug|Any CPU.Build.0 = Debug|Any CPU
		{A10F0735-C226-4AAF-8420-49CE0DFEA4B4}.Release|Any CPU.ActiveCfg = Release|Any CPU
		{A10F0735-C226-4AAF-8420-49CE0DFEA4B4}.Release|Any CPU.Build.0 = Release|Any CPU
	EndGlobalSection
	GlobalSection(SolutionProperties) = preSolution
		HideSolutionNode = FALSE
	EndGlobalSection
	GlobalSection(ExtensibilityGlobals) = postSolution
		SolutionGuid = {5AA0439B-5DFB-468C-AED2-AC5A01FCEBEC}
	EndGlobalSection
EndGlobal
